PODS:
  - Bolts-Swift (1.1.0)
  - Bolts/Tasks (1.7.0)
  - Parse (1.13.0):
    - Bolts/Tasks (~> 1.6)
  - SocketRocket (0.5.1)

DEPENDENCIES:
  - Bolts-Swift
  - Parse
  - SocketRocket (from `https://github.com/facebook/SocketRocket`)

EXTERNAL SOURCES:
  SocketRocket:
    :git: https://github.com/facebook/SocketRocket

CHECKOUT OPTIONS:
  SocketRocket:
    :commit: de9ac0c9ec7690ca574557eb082b4e456e5b5e3f
    :git: https://github.com/facebook/SocketRocket

SPEC CHECKSUMS:
  Bolts: a0058fa3b331c5a1e4402d534f2dae36dbff31e4
  Bolts-Swift: 63ef77f967f795415531da45eef419eab79ec730
  Parse: f51c24d2feb412e4b2d6cc73d37cb24e8d0089bc
  SocketRocket: 3f77ec2104cc113add553f817ad90a77114f5d43

PODFILE CHECKSUM: a29f0eea8e0fc0164f473961274c5357ffaee4f0

COCOAPODS: 1.0.0
